
Microsoft Visual Studio Solution File, Format Version 12.00
# Visual Studio 15
VisualStudioVersion = 15.0.28307.271
MinimumVisualStudioVersion = 10.0.40219.1
Project("{FAE04EC0-301F-11D3-BF4B-00C04F79EFBC}") = "Overlord Simulator", "Overlord Simulator\Overlord Simulator.csproj", "{5C3A8EE6-DB0B-45D9-9A47-23134E700CE9}"
EndProject
Project("{FAE04EC0-301F-11D3-BF4B-00C04F79EFBC}") = "LMSF Scheduler", "LMSF Scheduler\LMSF Scheduler.csproj", "{94345287-0318-460D-9AE8-46FE39EEDA7B}"
	ProjectSection(ProjectDependencies) = postProject
		{2C18FA64-2458-4788-901A-7D7FB8C7E513} = {2C18FA64-2458-4788-901A-7D7FB8C7E513}
	EndProjectSection
EndProject
Project("{FAE04EC0-301F-11D3-BF4B-00C04F79EFBC}") = "LMSF_Utilities", "LMSF_Utilities\LMSF_Utilities.csproj", "{2C18FA64-2458-4788-901A-7D7FB8C7E513}"
EndProject
Project("{FAE04EC0-301F-11D3-BF4B-00C04F79EFBC}") = "LMSF_Gen5", "LMSF_Gen5\LMSF_Gen5.csproj", "{02E5C062-BCF4-49D5-87B8-7335413931E8}"
	ProjectSection(ProjectDependencies) = postProject
		{897C77EC-6533-4618-907F-78D9BADF2368} = {897C77EC-6533-4618-907F-78D9BADF2368}
	EndProjectSection
EndProject
Project("{FAE04EC0-301F-11D3-BF4B-00C04F79EFBC}") = "LMSF_Gen5_Reader", "LMSF_Gen5_Reader\LMSF_Gen5_Reader.csproj", "{897C77EC-6533-4618-907F-78D9BADF2368}"
EndProject
Project("{FAE04EC0-301F-11D3-BF4B-00C04F79EFBC}") = "SimpleTCP", "SimpleTCP\SimpleTCP.csproj", "{C9C99F87-E188-49D2-A323-09FE79F39F8D}"
EndProject
Project("{54435603-DBB4-11D2-8724-00A0C9A8B90C}") = "LMSF Controls", "LMSF Controls\LMSF Controls.vdproj", "{45CBB66C-9992-4FF0-8F66-79446EE93127}"
EndProject
Project("{FAE04EC0-301F-11D3-BF4B-00C04F79EFBC}") = "Hamilton Remote", "Hamilton Remote\Hamilton Remote.csproj", "{5BBF49CC-59A5-4D06-AAD3-B02C30A35C68}"
EndProject
Global
	GlobalSection(SolutionConfigurationPlatforms) = preSolution
		Debug|Any CPU = Debug|Any CPU
		Release|Any CPU = Release|Any CPU
	EndGlobalSection
	GlobalSection(ProjectConfigurationPlatforms) = postSolution
		{5C3A8EE6-DB0B-45D9-9A47-23134E700CE9}.Debug|Any CPU.ActiveCfg = Debug|Any CPU
		{5C3A8EE6-DB0B-45D9-9A47-23134E700CE9}.Debug|Any CPU.Build.0 = Debug|Any CPU
		{5C3A8EE6-DB0B-45D9-9A47-23134E700CE9}.Release|Any CPU.ActiveCfg = Release|Any CPU
		{5C3A8EE6-DB0B-45D9-9A47-23134E700CE9}.Release|Any CPU.Build.0 = Release|Any CPU
		{94345287-0318-460D-9AE8-46FE39EEDA7B}.Debug|Any CPU.ActiveCfg = Debug|Any CPU
		{94345287-0318-460D-9AE8-46FE39EEDA7B}.Debug|Any CPU.Build.0 = Debug|Any CPU
		{94345287-0318-460D-9AE8-46FE39EEDA7B}.Release|Any CPU.ActiveCfg = Release|Any CPU
		{94345287-0318-460D-9AE8-46FE39EEDA7B}.Release|Any CPU.Build.0 = Release|Any CPU
		{2C18FA64-2458-4788-901A-7D7FB8C7E513}.Debug|Any CPU.ActiveCfg = Debug|Any CPU
		{2C18FA64-2458-4788-901A-7D7FB8C7E513}.Debug|Any CPU.Build.0 = Debug|Any CPU
		{2C18FA64-2458-4788-901A-7D7FB8C7E513}.Release|Any CPU.ActiveCfg = Release|Any CPU
		{2C18FA64-2458-4788-901A-7D7FB8C7E513}.Release|Any CPU.Build.0 = Release|Any CPU
		{02E5C062-BCF4-49D5-87B8-7335413931E8}.Debug|Any CPU.ActiveCfg = Debug|Any CPU
		{02E5C062-BCF4-49D5-87B8-7335413931E8}.Debug|Any CPU.Build.0 = Debug|Any CPU
		{02E5C062-BCF4-49D5-87B8-7335413931E8}.Release|Any CPU.ActiveCfg = Release|Any CPU
		{02E5C062-BCF4-49D5-87B8-7335413931E8}.Release|Any CPU.Build.0 = Release|Any CPU
		{897C77EC-6533-4618-907F-78D9BADF2368}.Debug|Any CPU.ActiveCfg = Debug|Any CPU
		{897C77EC-6533-4618-907F-78D9BADF2368}.Debug|Any CPU.Build.0 = Debug|Any CPU
		{897C77EC-6533-4618-907F-78D9BADF2368}.Release|Any CPU.ActiveCfg = Release|Any CPU
		{897C77EC-6533-4618-907F-78D9BADF2368}.Release|Any CPU.Build.0 = Release|Any CPU
		{C9C99F87-E188-49D2-A323-09FE79F39F8D}.Debug|Any CPU.ActiveCfg = Debug|Any CPU
		{C9C99F87-E188-49D2-A323-09FE79F39F8D}.Debug|Any CPU.Build.0 = Debug|Any CPU
		{C9C99F87-E188-49D2-A323-09FE79F39F8D}.Release|Any CPU.ActiveCfg = Release|Any CPU
		{C9C99F87-E188-49D2-A323-09FE79F39F8D}.Release|Any CPU.Build.0 = Release|Any CPU
		{45CBB66C-9992-4FF0-8F66-79446EE93127}.Debug|Any CPU.ActiveCfg = Debug
		{45CBB66C-9992-4FF0-8F66-79446EE93127}.Release|Any CPU.ActiveCfg = Release
		{45CBB66C-9992-4FF0-8F66-79446EE93127}.Release|Any CPU.Build.0 = Release
		{5BBF49CC-59A5-4D06-AAD3-B02C30A35C68}.Debug|Any CPU.ActiveCfg = Debug|Any CPU
		{5BBF49CC-59A5-4D06-AAD3-B02C30A35C68}.Debug|Any CPU.Build.0 = Debug|Any CPU
		{5BBF49CC-59A5-4D06-AAD3-B02C30A35C68}.Release|Any CPU.ActiveCfg = Release|Any CPU
		{5BBF49CC-59A5-4D06-AAD3-B02C30A35C68}.Release|Any CPU.Build.0 = Release|Any CPU
	EndGlobalSection
	GlobalSection(SolutionProperties) = preSolution
		HideSolutionNode = FALSE
	EndGlobalSection
	GlobalSection(ExtensibilityGlobals) = postSolution
		SolutionGuid = {133DE5CF-5693-41D4-9789-A40DA370F073}
	EndGlobalSection
EndGlobal
